// !$*UTF8*$!
{
	archiveVersion = 1;
	classes = {
	};
	objectVersion = 46;
	objects = {

/* Begin PBXBuildFile section */
		2782592A193F9463000F944A /* mod.png in Resources */ = {isa = PBXBuildFile; fileRef = 27825928193F9463000F944A /* mod.png */; };
		2782592B193F9463000F944A /* mod@2x.png in Resources */ = {isa = PBXBuildFile; fileRef = 27825929193F9463000F944A /* mod@2x.png */; };
		2782592E193F9686000F944A /* model2.png in Resources */ = {isa = PBXBuildFile; fileRef = 2782592C193F9686000F944A /* model2.png */; };
		2782592F193F9686000F944A /* model2@2x.png in Resources */ = {isa = PBXBuildFile; fileRef = 2782592D193F9686000F944A /* model2@2x.png */; };
		278739E61940E7AB00973989 /* BrinDemoHomeViewController.m in Sources */ = {isa = PBXBuildFile; fileRef = 278739E51940E7AB00973989 /* BrinDemoHomeViewController.m */; };
		278739E91940E7D100973989 /* BrinDemoGoldSplitViewController.m in Sources */ = {isa = PBXBuildFile; fileRef = 278739E81940E7D100973989 /* BrinDemoGoldSplitViewController.m */; };
		278739F31940E95D00973989 /* BrinDemoDiamondSplitViewController.m in Sources */ = {isa = PBXBuildFile; fileRef = 278739F21940E95D00973989 /* BrinDemoDiamondSplitViewController.m */; };
		278739F61940E96D00973989 /* BrinDemoPlatinumSplitViewController.m in Sources */ = {isa = PBXBuildFile; fileRef = 278739F51940E96D00973989 /* BrinDemoPlatinumSplitViewController.m */; };
		278739F91940E98100973989 /* BrinDemoSilverSplitViewController.m in Sources */ = {isa = PBXBuildFile; fileRef = 278739F81940E98100973989 /* BrinDemoSilverSplitViewController.m */; };
		278739FF1940E9CE00973989 /* BrinDemoGoldMasterViewController.m in Sources */ = {isa = PBXBuildFile; fileRef = 278739FE1940E9CE00973989 /* BrinDemoGoldMasterViewController.m */; };
		27873A021940E9DC00973989 /* BrinDemoGoldDetailViewController.m in Sources */ = {isa = PBXBuildFile; fileRef = 27873A011940E9DC00973989 /* BrinDemoGoldDetailViewController.m */; };
		27873A051940E9F100973989 /* BrinDemoDiamondMasterViewController.m in Sources */ = {isa = PBXBuildFile; fileRef = 27873A041940E9F100973989 /* BrinDemoDiamondMasterViewController.m */; };
		27873A081940EA1100973989 /* BrinDemoPlatinumMasterViewController.m in Sources */ = {isa = PBXBuildFile; fileRef = 27873A071940EA1100973989 /* BrinDemoPlatinumMasterViewController.m */; };
		27873A0B1940EA3300973989 /* BrinDemoSilverMasterViewController.m in Sources */ = {isa = PBXBuildFile; fileRef = 27873A0A1940EA3300973989 /* BrinDemoSilverMasterViewController.m */; };
		27873A0E1940ED0E00973989 /* BrinDemoDiamondDetailViewController.m in Sources */ = {isa = PBXBuildFile; fileRef = 27873A0D1940ED0E00973989 /* BrinDemoDiamondDetailViewController.m */; };
		27873A111940ED3300973989 /* BrinDemoPlatinumDetailViewController.m in Sources */ = {isa = PBXBuildFile; fileRef = 27873A101940ED3300973989 /* BrinDemoPlatinumDetailViewController.m */; };
		27873A141940ED4A00973989 /* BrinDemoSilverDetailViewController.m in Sources */ = {isa = PBXBuildFile; fileRef = 27873A131940ED4A00973989 /* BrinDemoSilverDetailViewController.m */; };
		27873A191940F78800973989 /* UIImage+animatedGIF.m in Sources */ = {isa = PBXBuildFile; fileRef = 27873A181940F78800973989 /* UIImage+animatedGIF.m */; };
		27873A1C19410BA500973989 /* g20.png in Resources */ = {isa = PBXBuildFile; fileRef = 27873A1A19410BA500973989 /* g20.png */; };
		27873A1D19410BA500973989 /* g20@2x.png in Resources */ = {isa = PBXBuildFile; fileRef = 27873A1B19410BA500973989 /* g20@2x.png */; };
		27C1A925194B72FC0047B1A8 /* LoginRingBg.png in Resources */ = {isa = PBXBuildFile; fileRef = 27C1A923194B72FC0047B1A8 /* LoginRingBg.png */; };
		27C1A926194B72FC0047B1A8 /* LoginRingBg@2x.png in Resources */ = {isa = PBXBuildFile; fileRef = 27C1A924194B72FC0047B1A8 /* LoginRingBg@2x.png */; };
		27C79C6D192E73CE003681BE /* Foundation.framework in Frameworks */ = {isa = PBXBuildFile; fileRef = 27C79C6C192E73CE003681BE /* Foundation.framework */; };
		27C79C6F192E73CE003681BE /* CoreGraphics.framework in Frameworks */ = {isa = PBXBuildFile; fileRef = 27C79C6E192E73CE003681BE /* CoreGraphics.framework */; };
		27C79C71192E73CE003681BE /* UIKit.framework in Frameworks */ = {isa = PBXBuildFile; fileRef = 27C79C70192E73CE003681BE /* UIKit.framework */; };
		27C79C77192E73CE003681BE /* InfoPlist.strings in Resources */ = {isa = PBXBuildFile; fileRef = 27C79C75192E73CE003681BE /* InfoPlist.strings */; };
		27C79C79192E73CE003681BE /* main.m in Sources */ = {isa = PBXBuildFile; fileRef = 27C79C78192E73CE003681BE /* main.m */; };
		27C79C7D192E73CE003681BE /* BrinDemoAppDelegate.m in Sources */ = {isa = PBXBuildFile; fileRef = 27C79C7C192E73CE003681BE /* BrinDemoAppDelegate.m */; };
		27C79C80192E73CE003681BE /* Main_iPhone.storyboard in Resources */ = {isa = PBXBuildFile; fileRef = 27C79C7E192E73CE003681BE /* Main_iPhone.storyboard */; };
		27C79C83192E73CE003681BE /* Main_iPad.storyboard in Resources */ = {isa = PBXBuildFile; fileRef = 27C79C81192E73CE003681BE /* Main_iPad.storyboard */; };
		27C79C86192E73CE003681BE /* BrinDemoViewController.m in Sources */ = {isa = PBXBuildFile; fileRef = 27C79C85192E73CE003681BE /* BrinDemoViewController.m */; };
		27C79C88192E73CE003681BE /* Images.xcassets in Resources */ = {isa = PBXBuildFile; fileRef = 27C79C87192E73CE003681BE /* Images.xcassets */; };
		27C79C8F192E73CE003681BE /* XCTest.framework in Frameworks */ = {isa = PBXBuildFile; fileRef = 27C79C8E192E73CE003681BE /* XCTest.framework */; };
		27C79C90192E73CE003681BE /* Foundation.framework in Frameworks */ = {isa = PBXBuildFile; fileRef = 27C79C6C192E73CE003681BE /* Foundation.framework */; };
		27C79C91192E73CE003681BE /* UIKit.framework in Frameworks */ = {isa = PBXBuildFile; fileRef = 27C79C70192E73CE003681BE /* UIKit.framework */; };
		27C79C99192E73CE003681BE /* InfoPlist.strings in Resources */ = {isa = PBXBuildFile; fileRef = 27C79C97192E73CE003681BE /* InfoPlist.strings */; };
		27C79C9B192E73CE003681BE /* BrintDemoTests.m in Sources */ = {isa = PBXBuildFile; fileRef = 27C79C9A192E73CE003681BE /* BrintDemoTests.m */; };
		27C79CAE192E7AB9003681BE /* Bg.png in Resources */ = {isa = PBXBuildFile; fileRef = 27C79CAC192E7AB9003681BE /* Bg.png */; };
		27C79CAF192E7AB9003681BE /* Bg@2x.png in Resources */ = {isa = PBXBuildFile; fileRef = 27C79CAD192E7AB9003681BE /* Bg@2x.png */; };
		27C79CB2192E820F003681BE /* ClickHere.png in Resources */ = {isa = PBXBuildFile; fileRef = 27C79CB0192E820F003681BE /* ClickHere.png */; };
		27C79CB3192E820F003681BE /* ClickHere@2x.png in Resources */ = {isa = PBXBuildFile; fileRef = 27C79CB1192E820F003681BE /* ClickHere@2x.png */; };
		27C79CB6192E8710003681BE /* gold-btn@2x.png in Resources */ = {isa = PBXBuildFile; fileRef = 27C79CB4192E8710003681BE /* gold-btn@2x.png */; };
		27C79CB7192E8710003681BE /* gold-btn.png in Resources */ = {isa = PBXBuildFile; fileRef = 27C79CB5192E8710003681BE /* gold-btn.png */; };
		27C79CBA192E8ACA003681BE /* BrinDemoLoginViewController.m in Sources */ = {isa = PBXBuildFile; fileRef = 27C79CB9192E8ACA003681BE /* BrinDemoLoginViewController.m */; };
		27C79CD4192FDF4C003681BE /* j1.png in Resources */ = {isa = PBXBuildFile; fileRef = 27C79CC2192FDF4C003681BE /* j1.png */; };
		27C79CD5192FDF4C003681BE /* j1@2x.png in Resources */ = {isa = PBXBuildFile; fileRef = 27C79CC3192FDF4C003681BE /* j1@2x.png */; };
		27C79CD6192FDF4C003681BE /* j2.png in Resources */ = {isa = PBXBuildFile; fileRef = 27C79CC4192FDF4C003681BE /* j2.png */; };
		27C79CD7192FDF4C003681BE /* j2@2x.png in Resources */ = {isa = PBXBuildFile; fileRef = 27C79CC5192FDF4C003681BE /* j2@2x.png */; };
		27C79CD8192FDF4C003681BE /* j3.png in Resources */ = {isa = PBXBuildFile; fileRef = 27C79CC6192FDF4C003681BE /* j3.png */; };
		27C79CD9192FDF4C003681BE /* j3@2x.png in Resources */ = {isa = PBXBuildFile; fileRef = 27C79CC7192FDF4C003681BE /* j3@2x.png */; };
		27C79CDA192FDF4C003681BE /* j4.png in Resources */ = {isa = PBXBuildFile; fileRef = 27C79CC8192FDF4C003681BE /* j4.png */; };
		27C79CDB192FDF4C003681BE /* j4@2x.png in Resources */ = {isa = PBXBuildFile; fileRef = 27C79CC9192FDF4C003681BE /* j4@2x.png */; };
		27C79CDC192FDF4C003681BE /* j5.png in Resources */ = {isa = PBXBuildFile; fileRef = 27C79CCA192FDF4C003681BE /* j5.png */; };
		27C79CDD192FDF4C003681BE /* j5@2x.png in Resources */ = {isa = PBXBuildFile; fileRef = 27C79CCB192FDF4C003681BE /* j5@2x.png */; };
		27C79CDE192FDF4C003681BE /* j6.png in Resources */ = {isa = PBXBuildFile; fileRef = 27C79CCC192FDF4C003681BE /* j6.png */; };
		27C79CDF192FDF4C003681BE /* j6@2x.png in Resources */ = {isa = PBXBuildFile; fileRef = 27C79CCD192FDF4C003681BE /* j6@2x.png */; };
		27C79CE0192FDF4C003681BE /* j7.png in Resources */ = {isa = PBXBuildFile; fileRef = 27C79CCE192FDF4C003681BE /* j7.png */; };
		27C79CE1192FDF4C003681BE /* j7@2x.png in Resources */ = {isa = PBXBuildFile; fileRef = 27C79CCF192FDF4C003681BE /* j7@2x.png */; };
		27C79CE2192FDF4C003681BE /* j8.png in Resources */ = {isa = PBXBuildFile; fileRef = 27C79CD0192FDF4C003681BE /* j8.png */; };
		27C79CE3192FDF4C003681BE /* j8@2x.png in Resources */ = {isa = PBXBuildFile; fileRef = 27C79CD1192FDF4C003681BE /* j8@2x.png */; };
		27C79CE4192FDF4C003681BE /* j9.png in Resources */ = {isa = PBXBuildFile; fileRef = 27C79CD2192FDF4C003681BE /* j9.png */; };
		27C79CE5192FDF4C003681BE /* j9@2x.png in Resources */ = {isa = PBXBuildFile; fileRef = 27C79CD3192FDF4C003681BE /* j9@2x.png */; };
		27C79CF1192FF87B003681BE /* BrinDemoSettingsViewController.m in Sources */ = {isa = PBXBuildFile; fileRef = 27C79CF0192FF87B003681BE /* BrinDemoSettingsViewController.m */; };
		27C96A84195B698100B08F4F /* goldTab.png in Resources */ = {isa = PBXBuildFile; fileRef = 27C96A83195B698100B08F4F /* goldTab.png */; };
		27C96A86195B698A00B08F4F /* goldTab@2x.png in Resources */ = {isa = PBXBuildFile; fileRef = 27C96A85195B698A00B08F4F /* goldTab@2x.png */; };
		27CC4DBB194249CD00DC2034 /* BrinDemoMasterCell.m in Sources */ = {isa = PBXBuildFile; fileRef = 27CC4DBA194249CD00DC2034 /* BrinDemoMasterCell.m */; };
		27CC4DBE1942512000DC2034 /* buttonFollow.png in Resources */ = {isa = PBXBuildFile; fileRef = 27CC4DBC1942512000DC2034 /* buttonFollow.png */; };
		27CC4DBF1942512000DC2034 /* buttonFollow@2x.png in Resources */ = {isa = PBXBuildFile; fileRef = 27CC4DBD1942512000DC2034 /* buttonFollow@2x.png */; };
		27CC4DC21942527F00DC2034 /* g37.jpeg in Resources */ = {isa = PBXBuildFile; fileRef = 27CC4DC01942527F00DC2034 /* g37.jpeg */; };
		27CC4DC31942527F00DC2034 /* g37@2x.png in Resources */ = {isa = PBXBuildFile; fileRef = 27CC4DC11942527F00DC2034 /* g37@2x.png */; };
		27CC4DC6194259B700DC2034 /* HomeBg.png in Resources */ = {isa = PBXBuildFile; fileRef = 27CC4DC4194259B700DC2034 /* HomeBg.png */; };
		27CC4DC7194259B700DC2034 /* HomeBg@2x.png in Resources */ = {isa = PBXBuildFile; fileRef = 27CC4DC5194259B700DC2034 /* HomeBg@2x.png */; };
		27CC4DCA19425A6C00DC2034 /* LaunchBg.png in Resources */ = {isa = PBXBuildFile; fileRef = 27CC4DC819425A6C00DC2034 /* LaunchBg.png */; };
		27CC4DCB19425A6C00DC2034 /* LaunchBg@2x.png in Resources */ = {isa = PBXBuildFile; fileRef = 27CC4DC919425A6C00DC2034 /* LaunchBg@2x.png */; };
		27CC4DCE194260DB00DC2034 /* Pattren@2x.png in Resources */ = {isa = PBXBuildFile; fileRef = 27CC4DCC194260DB00DC2034 /* Pattren@2x.png */; };
		27CC4DCF194260DB00DC2034 /* Pattren.png in Resources */ = {isa = PBXBuildFile; fileRef = 27CC4DCD194260DB00DC2034 /* Pattren.png */; };
		27CC4DD2194261DD00DC2034 /* RingBg.png in Resources */ = {isa = PBXBuildFile; fileRef = 27CC4DD0194261DD00DC2034 /* RingBg.png */; };
		27CC4DD3194261DD00DC2034 /* RingBg@2x.png in Resources */ = {isa = PBXBuildFile; fileRef = 27CC4DD1194261DD00DC2034 /* RingBg@2x.png */; };
		ED335465194A259D004BDEC6 /* Gold.storyboard in Resources */ = {isa = PBXBuildFile; fileRef = ED335464194A259D004BDEC6 /* Gold.storyboard */; };
		ED33546D194A27E5004BDEC6 /* Diamond.storyboard in Resources */ = {isa = PBXBuildFile; fileRef = ED33546C194A27E5004BDEC6 /* Diamond.storyboard */; };
		ED335470194A2AEE004BDEC6 /* Silver.storyboard in Resources */ = {isa = PBXBuildFile; fileRef = ED33546F194A2AEE004BDEC6 /* Silver.storyboard */; };
		ED335474194A2B91004BDEC6 /* Platinum.storyboard in Resources */ = {isa = PBXBuildFile; fileRef = ED335473194A2B91004BDEC6 /* Platinum.storyboard */; };
		ED335476194A2BFC004BDEC6 /* Settings.storyboard in Resources */ = {isa = PBXBuildFile; fileRef = ED335475194A2BFC004BDEC6 /* Settings.storyboard */; };
		ED335478194A2F26004BDEC6 /* HomeTabbar.storyboard in Resources */ = {isa = PBXBuildFile; fileRef = ED335477194A2F26004BDEC6 /* HomeTabbar.storyboard */; };
		ED33547C194A2FA4004BDEC6 /* BrinDemoTabbarController.m in Sources */ = {isa = PBXBuildFile; fileRef = ED33547B194A2FA4004BDEC6 /* BrinDemoTabbarController.m */; };
		EDE56B8A19477ED100D68A33 /* BIHomeViewController.m in Sources */ = {isa = PBXBuildFile; fileRef = EDE56B8919477ED100D68A33 /* BIHomeViewController.m */; };
		EDE56B8D19477EFC00D68A33 /* Home.storyboard in Resources */ = {isa = PBXBuildFile; fileRef = EDE56B8C19477EFC00D68A33 /* Home.storyboard */; };
		EDE56B9C194784CF00D68A33 /* SVSegmentedControl.m in Sources */ = {isa = PBXBuildFile; fileRef = EDE56B99194784CF00D68A33 /* SVSegmentedControl.m */; };
		EDE56B9D194784CF00D68A33 /* SVSegmentedThumb.m in Sources */ = {isa = PBXBuildFile; fileRef = EDE56B9B194784CF00D68A33 /* SVSegmentedThumb.m */; };
		EDE56BA1194793D900D68A33 /* BICollectionsViewController.m in Sources */ = {isa = PBXBuildFile; fileRef = EDE56BA0194793D900D68A33 /* BICollectionsViewController.m */; };
/* End PBXBuildFile section */

/* Begin PBXContainerItemProxy section */
		27C79C92192E73CE003681BE /* PBXContainerItemProxy */ = {
			isa = PBXContainerItemProxy;
			containerPortal = 27C79C61192E73CE003681BE /* Project object */;
			proxyType = 1;
			remoteGlobalIDString = 27C79C68192E73CE003681BE;
			remoteInfo = BrintDemo;
		};
/* End PBXContainerItemProxy section */

/* Begin PBXFileReference section */
		27825928193F9463000F944A /* mod.png */ = {isa = PBXFileReference; lastKnownFileType = image.png; path = mod.png; sourceTree = "<group>"; };
		27825929193F9463000F944A /* mod@2x.png */ = {isa = PBXFileReference; lastKnownFileType = image.png; path = "mod@2x.png"; sourceTree = "<group>"; };
		2782592C193F9686000F944A /* model2.png */ = {isa = PBXFileReference; lastKnownFileType = image.png; path = model2.png; sourceTree = "<group>"; };
		2782592D193F9686000F944A /* model2@2x.png */ = {isa = PBXFileReference; lastKnownFileType = image.png; path = "model2@2x.png"; sourceTree = "<group>"; };
		278739E41940E7AB00973989 /* BrinDemoHomeViewController.h */ = {isa = PBXFileReference; fileEncoding = 4; lastKnownFileType = sourcecode.c.h; path = BrinDemoHomeViewController.h; sourceTree = "<group>"; };
		278739E51940E7AB00973989 /* BrinDemoHomeViewController.m */ = {isa = PBXFileReference; fileEncoding = 4; lastKnownFileType = sourcecode.c.objc; path = BrinDemoHomeViewController.m; sourceTree = "<group>"; };
		278739E71940E7D100973989 /* BrinDemoGoldSplitViewController.h */ = {isa = PBXFileReference; fileEncoding = 4; lastKnownFileType = sourcecode.c.h; path = BrinDemoGoldSplitViewController.h; sourceTree = "<group>"; };
		278739E81940E7D100973989 /* BrinDemoGoldSplitViewController.m */ = {isa = PBXFileReference; fileEncoding = 4; lastKnownFileType = sourcecode.c.objc; path = BrinDemoGoldSplitViewController.m; sourceTree = "<group>"; };
		278739F11940E95D00973989 /* BrinDemoDiamondSplitViewController.h */ = {isa = PBXFileReference; fileEncoding = 4; lastKnownFileType = sourcecode.c.h; path = BrinDemoDiamondSplitViewController.h; sourceTree = "<group>"; };
		278739F21940E95D00973989 /* BrinDemoDiamondSplitViewController.m */ = {isa = PBXFileReference; fileEncoding = 4; lastKnownFileType = sourcecode.c.objc; path = BrinDemoDiamondSplitViewController.m; sourceTree = "<group>"; };
		278739F41940E96D00973989 /* BrinDemoPlatinumSplitViewController.h */ = {isa = PBXFileReference; fileEncoding = 4; lastKnownFileType = sourcecode.c.h; path = BrinDemoPlatinumSplitViewController.h; sourceTree = "<group>"; };
		278739F51940E96D00973989 /* BrinDemoPlatinumSplitViewController.m */ = {isa = PBXFileReference; fileEncoding = 4; lastKnownFileType = sourcecode.c.objc; path = BrinDemoPlatinumSplitViewController.m; sourceTree = "<group>"; };
		278739F71940E98100973989 /* BrinDemoSilverSplitViewController.h */ = {isa = PBXFileReference; fileEncoding = 4; lastKnownFileType = sourcecode.c.h; path = BrinDemoSilverSplitViewController.h; sourceTree = "<group>"; };
		278739F81940E98100973989 /* BrinDemoSilverSplitViewController.m */ = {isa = PBXFileReference; fileEncoding = 4; lastKnownFileType = sourcecode.c.objc; path = BrinDemoSilverSplitViewController.m; sourceTree = "<group>"; };
		278739FD1940E9CE00973989 /* BrinDemoGoldMasterViewController.h */ = {isa = PBXFileReference; fileEncoding = 4; lastKnownFileType = sourcecode.c.h; path = BrinDemoGoldMasterViewController.h; sourceTree = "<group>"; };
		278739FE1940E9CE00973989 /* BrinDemoGoldMasterViewController.m */ = {isa = PBXFileReference; fileEncoding = 4; lastKnownFileType = sourcecode.c.objc; path = BrinDemoGoldMasterViewController.m; sourceTree = "<group>"; };
		27873A001940E9DC00973989 /* BrinDemoGoldDetailViewController.h */ = {isa = PBXFileReference; fileEncoding = 4; lastKnownFileType = sourcecode.c.h; path = BrinDemoGoldDetailViewController.h; sourceTree = "<group>"; };
		27873A011940E9DC00973989 /* BrinDemoGoldDetailViewController.m */ = {isa = PBXFileReference; fileEncoding = 4; lastKnownFileType = sourcecode.c.objc; path = BrinDemoGoldDetailViewController.m; sourceTree = "<group>"; };
		27873A031940E9F100973989 /* BrinDemoDiamondMasterViewController.h */ = {isa = PBXFileReference; fileEncoding = 4; lastKnownFileType = sourcecode.c.h; path = BrinDemoDiamondMasterViewController.h; sourceTree = "<group>"; };
		27873A041940E9F100973989 /* BrinDemoDiamondMasterViewController.m */ = {isa = PBXFileReference; fileEncoding = 4; lastKnownFileType = sourcecode.c.objc; path = BrinDemoDiamondMasterViewController.m; sourceTree = "<group>"; };
		27873A061940EA1100973989 /* BrinDemoPlatinumMasterViewController.h */ = {isa = PBXFileReference; fileEncoding = 4; lastKnownFileType = sourcecode.c.h; path = BrinDemoPlatinumMasterViewController.h; sourceTree = "<group>"; };
		27873A071940EA1100973989 /* BrinDemoPlatinumMasterViewController.m */ = {isa = PBXFileReference; fileEncoding = 4; lastKnownFileType = sourcecode.c.objc; path = BrinDemoPlatinumMasterViewController.m; sourceTree = "<group>"; };
		27873A091940EA3300973989 /* BrinDemoSilverMasterViewController.h */ = {isa = PBXFileReference; fileEncoding = 4; lastKnownFileType = sourcecode.c.h; path = BrinDemoSilverMasterViewController.h; sourceTree = "<group>"; };
		27873A0A1940EA3300973989 /* BrinDemoSilverMasterViewController.m */ = {isa = PBXFileReference; fileEncoding = 4; lastKnownFileType = sourcecode.c.objc; path = BrinDemoSilverMasterViewController.m; sourceTree = "<group>"; };
		27873A0C1940ED0E00973989 /* BrinDemoDiamondDetailViewController.h */ = {isa = PBXFileReference; fileEncoding = 4; lastKnownFileType = sourcecode.c.h; path = BrinDemoDiamondDetailViewController.h; sourceTree = "<group>"; };
		27873A0D1940ED0E00973989 /* BrinDemoDiamondDetailViewController.m */ = {isa = PBXFileReference; fileEncoding = 4; lastKnownFileType = sourcecode.c.objc; path = BrinDemoDiamondDetailViewController.m; sourceTree = "<group>"; };
		27873A0F1940ED3300973989 /* BrinDemoPlatinumDetailViewController.h */ = {isa = PBXFileReference; fileEncoding = 4; lastKnownFileType = sourcecode.c.h; path = BrinDemoPlatinumDetailViewController.h; sourceTree = "<group>"; };
		27873A101940ED3300973989 /* BrinDemoPlatinumDetailViewController.m */ = {isa = PBXFileReference; fileEncoding = 4; lastKnownFileType = sourcecode.c.objc; path = BrinDemoPlatinumDetailViewController.m; sourceTree = "<group>"; };
		27873A121940ED4A00973989 /* BrinDemoSilverDetailViewController.h */ = {isa = PBXFileReference; fileEncoding = 4; lastKnownFileType = sourcecode.c.h; path = BrinDemoSilverDetailViewController.h; sourceTree = "<group>"; };
		27873A131940ED4A00973989 /* BrinDemoSilverDetailViewController.m */ = {isa = PBXFileReference; fileEncoding = 4; lastKnownFileType = sourcecode.c.objc; path = BrinDemoSilverDetailViewController.m; sourceTree = "<group>"; };
		27873A171940F78800973989 /* UIImage+animatedGIF.h */ = {isa = PBXFileReference; fileEncoding = 4; lastKnownFileType = sourcecode.c.h; path = "UIImage+animatedGIF.h"; sourceTree = "<group>"; };
		27873A181940F78800973989 /* UIImage+animatedGIF.m */ = {isa = PBXFileReference; fileEncoding = 4; lastKnownFileType = sourcecode.c.objc; path = "UIImage+animatedGIF.m"; sourceTree = "<group>"; };
		27873A1A19410BA500973989 /* g20.png */ = {isa = PBXFileReference; lastKnownFileType = image.png; path = g20.png; sourceTree = "<group>"; };
		27873A1B19410BA500973989 /* g20@2x.png */ = {isa = PBXFileReference; lastKnownFileType = image.png; path = "g20@2x.png"; sourceTree = "<group>"; };
		27C1A923194B72FC0047B1A8 /* LoginRingBg.png */ = {isa = PBXFileReference; lastKnownFileType = image.png; path = LoginRingBg.png; sourceTree = "<group>"; };
		27C1A924194B72FC0047B1A8 /* LoginRingBg@2x.png */ = {isa = PBXFileReference; lastKnownFileType = image.png; path = "LoginRingBg@2x.png"; sourceTree = "<group>"; };
		27C79C69192E73CE003681BE /* BrintDemo.app */ = {isa = PBXFileReference; explicitFileType = wrapper.application; includeInIndex = 0; path = BrintDemo.app; sourceTree = BUILT_PRODUCTS_DIR; };
		27C79C6C192E73CE003681BE /* Foundation.framework */ = {isa = PBXFileReference; lastKnownFileType = wrapper.framework; name = Foundation.framework; path = System/Library/Frameworks/Foundation.framework; sourceTree = SDKROOT; };
		27C79C6E192E73CE003681BE /* CoreGraphics.framework */ = {isa = PBXFileReference; lastKnownFileType = wrapper.framework; name = CoreGraphics.framework; path = System/Library/Frameworks/CoreGraphics.framework; sourceTree = SDKROOT; };
		27C79C70192E73CE003681BE /* UIKit.framework */ = {isa = PBXFileReference; lastKnownFileType = wrapper.framework; name = UIKit.framework; path = System/Library/Frameworks/UIKit.framework; sourceTree = SDKROOT; };
		27C79C74192E73CE003681BE /* BrintDemo-Info.plist */ = {isa = PBXFileReference; lastKnownFileType = text.plist.xml; path = "BrintDemo-Info.plist"; sourceTree = "<group>"; };
		27C79C76192E73CE003681BE /* en */ = {isa = PBXFileReference; lastKnownFileType = text.plist.strings; name = en; path = en.lproj/InfoPlist.strings; sourceTree = "<group>"; };
		27C79C78192E73CE003681BE /* main.m */ = {isa = PBXFileReference; lastKnownFileType = sourcecode.c.objc; path = main.m; sourceTree = "<group>"; };
		27C79C7A192E73CE003681BE /* BrintDemo-Prefix.pch */ = {isa = PBXFileReference; lastKnownFileType = sourcecode.c.h; path = "BrintDemo-Prefix.pch"; sourceTree = "<group>"; };
		27C79C7B192E73CE003681BE /* BrinDemoAppDelegate.h */ = {isa = PBXFileReference; lastKnownFileType = sourcecode.c.h; path = BrinDemoAppDelegate.h; sourceTree = "<group>"; };
		27C79C7C192E73CE003681BE /* BrinDemoAppDelegate.m */ = {isa = PBXFileReference; lastKnownFileType = sourcecode.c.objc; path = BrinDemoAppDelegate.m; sourceTree = "<group>"; };
		27C79C7F192E73CE003681BE /* Base */ = {isa = PBXFileReference; lastKnownFileType = file.storyboard; name = Base; path = Base.lproj/Main_iPhone.storyboard; sourceTree = "<group>"; };
		27C79C82192E73CE003681BE /* Base */ = {isa = PBXFileReference; lastKnownFileType = file.storyboard; name = Base; path = Base.lproj/Main_iPad.storyboard; sourceTree = "<group>"; };
		27C79C84192E73CE003681BE /* BrinDemoViewController.h */ = {isa = PBXFileReference; lastKnownFileType = sourcecode.c.h; path = BrinDemoViewController.h; sourceTree = "<group>"; };
		27C79C85192E73CE003681BE /* BrinDemoViewController.m */ = {isa = PBXFileReference; lastKnownFileType = sourcecode.c.objc; path = BrinDemoViewController.m; sourceTree = "<group>"; };
		27C79C87192E73CE003681BE /* Images.xcassets */ = {isa = PBXFileReference; lastKnownFileType = folder.assetcatalog; path = Images.xcassets; sourceTree = "<group>"; };
		27C79C8D192E73CE003681BE /* BrintDemoTests.xctest */ = {isa = PBXFileReference; explicitFileType = wrapper.cfbundle; includeInIndex = 0; path = BrintDemoTests.xctest; sourceTree = BUILT_PRODUCTS_DIR; };
		27C79C8E192E73CE003681BE /* XCTest.framework */ = {isa = PBXFileReference; lastKnownFileType = wrapper.framework; name = XCTest.framework; path = Library/Frameworks/XCTest.framework; sourceTree = DEVELOPER_DIR; };
		27C79C96192E73CE003681BE /* BrintDemoTests-Info.plist */ = {isa = PBXFileReference; lastKnownFileType = text.plist.xml; path = "BrintDemoTests-Info.plist"; sourceTree = "<group>"; };
		27C79C98192E73CE003681BE /* en */ = {isa = PBXFileReference; lastKnownFileType = text.plist.strings; name = en; path = en.lproj/InfoPlist.strings; sourceTree = "<group>"; };
		27C79C9A192E73CE003681BE /* BrintDemoTests.m */ = {isa = PBXFileReference; lastKnownFileType = sourcecode.c.objc; path = BrintDemoTests.m; sourceTree = "<group>"; };
		27C79CAC192E7AB9003681BE /* Bg.png */ = {isa = PBXFileReference; lastKnownFileType = image.png; path = Bg.png; sourceTree = "<group>"; };
		27C79CAD192E7AB9003681BE /* Bg@2x.png */ = {isa = PBXFileReference; lastKnownFileType = image.png; path = "Bg@2x.png"; sourceTree = "<group>"; };
		27C79CB0192E820F003681BE /* ClickHere.png */ = {isa = PBXFileReference; lastKnownFileType = image.png; path = ClickHere.png; sourceTree = "<group>"; };
		27C79CB1192E820F003681BE /* ClickHere@2x.png */ = {isa = PBXFileReference; lastKnownFileType = image.png; path = "ClickHere@2x.png"; sourceTree = "<group>"; };
		27C79CB4192E8710003681BE /* gold-btn@2x.png */ = {isa = PBXFileReference; lastKnownFileType = image.png; path = "gold-btn@2x.png"; sourceTree = "<group>"; };
		27C79CB5192E8710003681BE /* gold-btn.png */ = {isa = PBXFileReference; lastKnownFileType = image.png; path = "gold-btn.png"; sourceTree = "<group>"; };
		27C79CB8192E8ACA003681BE /* BrinDemoLoginViewController.h */ = {isa = PBXFileReference; fileEncoding = 4; lastKnownFileType = sourcecode.c.h; path = BrinDemoLoginViewController.h; sourceTree = "<group>"; };
		27C79CB9192E8ACA003681BE /* BrinDemoLoginViewController.m */ = {isa = PBXFileReference; fileEncoding = 4; lastKnownFileType = sourcecode.c.objc; path = BrinDemoLoginViewController.m; sourceTree = "<group>"; };
		27C79CC2192FDF4C003681BE /* j1.png */ = {isa = PBXFileReference; lastKnownFileType = image.png; path = j1.png; sourceTree = "<group>"; };
		27C79CC3192FDF4C003681BE /* j1@2x.png */ = {isa = PBXFileReference; lastKnownFileType = image.png; path = "j1@2x.png"; sourceTree = "<group>"; };
		27C79CC4192FDF4C003681BE /* j2.png */ = {isa = PBXFileReference; lastKnownFileType = image.png; path = j2.png; sourceTree = "<group>"; };
		27C79CC5192FDF4C003681BE /* j2@2x.png */ = {isa = PBXFileReference; lastKnownFileType = image.png; path = "j2@2x.png"; sourceTree = "<group>"; };
		27C79CC6192FDF4C003681BE /* j3.png */ = {isa = PBXFileReference; lastKnownFileType = image.png; path = j3.png; sourceTree = "<group>"; };
		27C79CC7192FDF4C003681BE /* j3@2x.png */ = {isa = PBXFileReference; lastKnownFileType = image.png; path = "j3@2x.png"; sourceTree = "<group>"; };
		27C79CC8192FDF4C003681BE /* j4.png */ = {isa = PBXFileReference; lastKnownFileType = image.png; path = j4.png; sourceTree = "<group>"; };
		27C79CC9192FDF4C003681BE /* j4@2x.png */ = {isa = PBXFileReference; lastKnownFileType = image.png; path = "j4@2x.png"; sourceTree = "<group>"; };
		27C79CCA192FDF4C003681BE /* j5.png */ = {isa = PBXFileReference; lastKnownFileType = image.png; path = j5.png; sourceTree = "<group>"; };
		27C79CCB192FDF4C003681BE /* j5@2x.png */ = {isa = PBXFileReference; lastKnownFileType = image.png; path = "j5@2x.png"; sourceTree = "<group>"; };
		27C79CCC192FDF4C003681BE /* j6.png */ = {isa = PBXFileReference; lastKnownFileType = image.png; path = j6.png; sourceTree = "<group>"; };
		27C79CCD192FDF4C003681BE /* j6@2x.png */ = {isa = PBXFileReference; lastKnownFileType = image.png; path = "j6@2x.png"; sourceTree = "<group>"; };
		27C79CCE192FDF4C003681BE /* j7.png */ = {isa = PBXFileReference; lastKnownFileType = image.png; path = j7.png; sourceTree = "<group>"; };
		27C79CCF192FDF4C003681BE /* j7@2x.png */ = {isa = PBXFileReference; lastKnownFileType = image.png; path = "j7@2x.png"; sourceTree = "<group>"; };
		27C79CD0192FDF4C003681BE /* j8.png */ = {isa = PBXFileReference; lastKnownFileType = image.png; path = j8.png; sourceTree = "<group>"; };
		27C79CD1192FDF4C003681BE /* j8@2x.png */ = {isa = PBXFileReference; lastKnownFileType = image.png; path = "j8@2x.png"; sourceTree = "<group>"; };
		27C79CD2192FDF4C003681BE /* j9.png */ = {isa = PBXFileReference; lastKnownFileType = image.png; path = j9.png; sourceTree = "<group>"; };
		27C79CD3192FDF4C003681BE /* j9@2x.png */ = {isa = PBXFileReference; lastKnownFileType = image.png; path = "j9@2x.png"; sourceTree = "<group>"; };
		27C79CEF192FF87B003681BE /* BrinDemoSettingsViewController.h */ = {isa = PBXFileReference; fileEncoding = 4; lastKnownFileType = sourcecode.c.h; path = BrinDemoSettingsViewController.h; sourceTree = "<group>"; };
		27C79CF0192FF87B003681BE /* BrinDemoSettingsViewController.m */ = {isa = PBXFileReference; fileEncoding = 4; lastKnownFileType = sourcecode.c.objc; path = BrinDemoSettingsViewController.m; sourceTree = "<group>"; };
		27C96A83195B698100B08F4F /* goldTab.png */ = {isa = PBXFileReference; lastKnownFileType = image.png; path = goldTab.png; sourceTree = "<group>"; };
		27C96A85195B698A00B08F4F /* goldTab@2x.png */ = {isa = PBXFileReference; lastKnownFileType = image.png; path = "goldTab@2x.png"; sourceTree = "<group>"; };
		27CC4DB9194249CD00DC2034 /* BrinDemoMasterCell.h */ = {isa = PBXFileReference; fileEncoding = 4; lastKnownFileType = sourcecode.c.h; path = BrinDemoMasterCell.h; sourceTree = "<group>"; };
		27CC4DBA194249CD00DC2034 /* BrinDemoMasterCell.m */ = {isa = PBXFileReference; fileEncoding = 4; lastKnownFileType = sourcecode.c.objc; path = BrinDemoMasterCell.m; sourceTree = "<group>"; };
		27CC4DBC1942512000DC2034 /* buttonFollow.png */ = {isa = PBXFileReference; lastKnownFileType = image.png; path = buttonFollow.png; sourceTree = "<group>"; };
		27CC4DBD1942512000DC2034 /* buttonFollow@2x.png */ = {isa = PBXFileReference; lastKnownFileType = image.png; path = "buttonFollow@2x.png"; sourceTree = "<group>"; };
		27CC4DC01942527F00DC2034 /* g37.jpeg */ = {isa = PBXFileReference; lastKnownFileType = image.jpeg; path = g37.jpeg; sourceTree = "<group>"; };
		27CC4DC11942527F00DC2034 /* g37@2x.png */ = {isa = PBXFileReference; lastKnownFileType = image.png; path = "g37@2x.png"; sourceTree = "<group>"; };
		27CC4DC4194259B700DC2034 /* HomeBg.png */ = {isa = PBXFileReference; lastKnownFileType = image.png; path = HomeBg.png; sourceTree = "<group>"; };
		27CC4DC5194259B700DC2034 /* HomeBg@2x.png */ = {isa = PBXFileReference; lastKnownFileType = image.png; path = "HomeBg@2x.png"; sourceTree = "<group>"; };
		27CC4DC819425A6C00DC2034 /* LaunchBg.png */ = {isa = PBXFileReference; lastKnownFileType = image.png; path = LaunchBg.png; sourceTree = "<group>"; };
		27CC4DC919425A6C00DC2034 /* LaunchBg@2x.png */ = {isa = PBXFileReference; lastKnownFileType = image.png; path = "LaunchBg@2x.png"; sourceTree = "<group>"; };
		27CC4DCC194260DB00DC2034 /* Pattren@2x.png */ = {isa = PBXFileReference; lastKnownFileType = image.png; path = "Pattren@2x.png"; sourceTree = "<group>"; };
		27CC4DCD194260DB00DC2034 /* Pattren.png */ = {isa = PBXFileReference; lastKnownFileType = image.png; path = Pattren.png; sourceTree = "<group>"; };
		27CC4DD0194261DD00DC2034 /* RingBg.png */ = {isa = PBXFileReference; lastKnownFileType = image.png; path = RingBg.png; sourceTree = "<group>"; };
		27CC4DD1194261DD00DC2034 /* RingBg@2x.png */ = {isa = PBXFileReference; lastKnownFileType = image.png; path = "RingBg@2x.png"; sourceTree = "<group>"; };
		ED335464194A259D004BDEC6 /* Gold.storyboard */ = {isa = PBXFileReference; fileEncoding = 4; lastKnownFileType = file.storyboard; path = Gold.storyboard; sourceTree = "<group>"; };
		ED33546C194A27E5004BDEC6 /* Diamond.storyboard */ = {isa = PBXFileReference; fileEncoding = 4; lastKnownFileType = file.storyboard; path = Diamond.storyboard; sourceTree = "<group>"; };
		ED33546F194A2AEE004BDEC6 /* Silver.storyboard */ = {isa = PBXFileReference; fileEncoding = 4; lastKnownFileType = file.storyboard; path = Silver.storyboard; sourceTree = "<group>"; };
		ED335473194A2B91004BDEC6 /* Platinum.storyboard */ = {isa = PBXFileReference; fileEncoding = 4; lastKnownFileType = file.storyboard; path = Platinum.storyboard; sourceTree = "<group>"; };
		ED335475194A2BFC004BDEC6 /* Settings.storyboard */ = {isa = PBXFileReference; fileEncoding = 4; lastKnownFileType = file.storyboard; path = Settings.storyboard; sourceTree = "<group>"; };
		ED335477194A2F26004BDEC6 /* HomeTabbar.storyboard */ = {isa = PBXFileReference; fileEncoding = 4; lastKnownFileType = file.storyboard; path = HomeTabbar.storyboard; sourceTree = "<group>"; };
		ED33547A194A2FA4004BDEC6 /* BrinDemoTabbarController.h */ = {isa = PBXFileReference; fileEncoding = 4; lastKnownFileType = sourcecode.c.h; path = BrinDemoTabbarController.h; sourceTree = "<group>"; };
		ED33547B194A2FA4004BDEC6 /* BrinDemoTabbarController.m */ = {isa = PBXFileReference; fileEncoding = 4; lastKnownFileType = sourcecode.c.objc; path = BrinDemoTabbarController.m; sourceTree = "<group>"; };
		EDE56B8819477ED100D68A33 /* BIHomeViewController.h */ = {isa = PBXFileReference; fileEncoding = 4; lastKnownFileType = sourcecode.c.h; path = BIHomeViewController.h; sourceTree = "<group>"; };
		EDE56B8919477ED100D68A33 /* BIHomeViewController.m */ = {isa = PBXFileReference; fileEncoding = 4; lastKnownFileType = sourcecode.c.objc; path = BIHomeViewController.m; sourceTree = "<group>"; };
		EDE56B8C19477EFC00D68A33 /* Home.storyboard */ = {isa = PBXFileReference; fileEncoding = 4; lastKnownFileType = file.storyboard; path = Home.storyboard; sourceTree = "<group>"; };
		EDE56B98194784CF00D68A33 /* SVSegmentedControl.h */ = {isa = PBXFileReference; fileEncoding = 4; lastKnownFileType = sourcecode.c.h; path = SVSegmentedControl.h; sourceTree = "<group>"; };
		EDE56B99194784CF00D68A33 /* SVSegmentedControl.m */ = {isa = PBXFileReference; fileEncoding = 4; lastKnownFileType = sourcecode.c.objc; path = SVSegmentedControl.m; sourceTree = "<group>"; };
		EDE56B9A194784CF00D68A33 /* SVSegmentedThumb.h */ = {isa = PBXFileReference; fileEncoding = 4; lastKnownFileType = sourcecode.c.h; path = SVSegmentedThumb.h; sourceTree = "<group>"; };
		EDE56B9B194784CF00D68A33 /* SVSegmentedThumb.m */ = {isa = PBXFileReference; fileEncoding = 4; lastKnownFileType = sourcecode.c.objc; path = SVSegmentedThumb.m; sourceTree = "<group>"; };
		EDE56B9F194793D900D68A33 /* BICollectionsViewController.h */ = {isa = PBXFileReference; fileEncoding = 4; lastKnownFileType = sourcecode.c.h; path = BICollectionsViewController.h; sourceTree = "<group>"; };
		EDE56BA0194793D900D68A33 /* BICollectionsViewController.m */ = {isa = PBXFileReference; fileEncoding = 4; lastKnownFileType = sourcecode.c.objc; path = BICollectionsViewController.m; sourceTree = "<group>"; };
/* End PBXFileReference section */

/* Begin PBXFrameworksBuildPhase section */
		27C79C66192E73CE003681BE /* Frameworks */ = {
			isa = PBXFrameworksBuildPhase;
			buildActionMask = 2147483647;
			files = (
				27C79C6F192E73CE003681BE /* CoreGraphics.framework in Frameworks */,
				27C79C71192E73CE003681BE /* UIKit.framework in Frameworks */,
				27C79C6D192E73CE003681BE /* Foundation.framework in Frameworks */,
			);
			runOnlyForDeploymentPostprocessing = 0;
		};
		27C79C8A192E73CE003681BE /* Frameworks */ = {
			isa = PBXFrameworksBuildPhase;
			buildActionMask = 2147483647;
			files = (
				27C79C8F192E73CE003681BE /* XCTest.framework in Frameworks */,
				27C79C91192E73CE003681BE /* UIKit.framework in Frameworks */,
				27C79C90192E73CE003681BE /* Foundation.framework in Frameworks */,
			);
			runOnlyForDeploymentPostprocessing = 0;
		};
/* End PBXFrameworksBuildPhase section */

/* Begin PBXGroup section */
		278739E11940E73900973989 /* ViewControllers */ = {
			isa = PBXGroup;
			children = (
				ED33547D194A2FA9004BDEC6 /* Tabbar */,
				ED33546E194A2923004BDEC6 /* Gold VC */,
				27CC4DB9194249CD00DC2034 /* BrinDemoMasterCell.h */,
				27CC4DBA194249CD00DC2034 /* BrinDemoMasterCell.m */,
				278739EF1940E82E00973989 /* Login */,
				278739EB1940E7EE00973989 /* Home */,
				278739EA1940E7DE00973989 /* Gold */,
				278739EC1940E7FA00973989 /* Diamond */,
				278739ED1940E80A00973989 /* Platinum */,
				278739EE1940E81D00973989 /* Silver */,
				278739F01940E91A00973989 /* Settings */,
			);
			name = ViewControllers;
			sourceTree = "<group>";
		};
		278739E21940E75900973989 /* AppDelegate */ = {
			isa = PBXGroup;
			children = (
				27C79C7B192E73CE003681BE /* BrinDemoAppDelegate.h */,
				27C79C7C192E73CE003681BE /* BrinDemoAppDelegate.m */,
				27C79C84192E73CE003681BE /* BrinDemoViewController.h */,
				27C79C85192E73CE003681BE /* BrinDemoViewController.m */,
			);
			name = AppDelegate;
			sourceTree = "<group>";
		};
		278739E31940E76A00973989 /* StoryBoards */ = {
			isa = PBXGroup;
			children = (
				ED335479194A2F5B004BDEC6 /* HomeTabbar */,
				ED335472194A2B7C004BDEC6 /* Settings */,
				ED335471194A2B72004BDEC6 /* Platinum */,
				ED335467194A26D4004BDEC6 /* Diamond */,
				ED335466194A26B6004BDEC6 /* Silver */,
				ED335463194A2589004BDEC6 /* Gold */,
				EDE56B8B19477ED900D68A33 /* Home-StoryBoard */,
				27C79C7E192E73CE003681BE /* Main_iPhone.storyboard */,
				27C79C81192E73CE003681BE /* Main_iPad.storyboard */,
			);
			name = StoryBoards;
			sourceTree = "<group>";
		};
		278739EA1940E7DE00973989 /* Gold */ = {
			isa = PBXGroup;
			children = (
				278739E71940E7D100973989 /* BrinDemoGoldSplitViewController.h */,
				278739E81940E7D100973989 /* BrinDemoGoldSplitViewController.m */,
				278739FD1940E9CE00973989 /* BrinDemoGoldMasterViewController.h */,
				278739FE1940E9CE00973989 /* BrinDemoGoldMasterViewController.m */,
				27873A001940E9DC00973989 /* BrinDemoGoldDetailViewController.h */,
				27873A011940E9DC00973989 /* BrinDemoGoldDetailViewController.m */,
			);
			name = Gold;
			sourceTree = "<group>";
		};
		278739EB1940E7EE00973989 /* Home */ = {
			isa = PBXGroup;
			children = (
				EDE56B9E194793A900D68A33 /* Home */,
				278739E41940E7AB00973989 /* BrinDemoHomeViewController.h */,
				278739E51940E7AB00973989 /* BrinDemoHomeViewController.m */,
			);
			name = Home;
			sourceTree = "<group>";
		};
		278739EC1940E7FA00973989 /* Diamond */ = {
			isa = PBXGroup;
			children = (
				278739F11940E95D00973989 /* BrinDemoDiamondSplitViewController.h */,
				278739F21940E95D00973989 /* BrinDemoDiamondSplitViewController.m */,
				27873A031940E9F100973989 /* BrinDemoDiamondMasterViewController.h */,
				27873A041940E9F100973989 /* BrinDemoDiamondMasterViewController.m */,
				27873A0C1940ED0E00973989 /* BrinDemoDiamondDetailViewController.h */,
				27873A0D1940ED0E00973989 /* BrinDemoDiamondDetailViewController.m */,
			);
			name = Diamond;
			sourceTree = "<group>";
		};
		278739ED1940E80A00973989 /* Platinum */ = {
			isa = PBXGroup;
			children = (
				278739F41940E96D00973989 /* BrinDemoPlatinumSplitViewController.h */,
				278739F51940E96D00973989 /* BrinDemoPlatinumSplitViewController.m */,
				27873A061940EA1100973989 /* BrinDemoPlatinumMasterViewController.h */,
				27873A071940EA1100973989 /* BrinDemoPlatinumMasterViewController.m */,
				27873A0F1940ED3300973989 /* BrinDemoPlatinumDetailViewController.h */,
				27873A101940ED3300973989 /* BrinDemoPlatinumDetailViewController.m */,
			);
			name = Platinum;
			sourceTree = "<group>";
		};
		278739EE1940E81D00973989 /* Silver */ = {
			isa = PBXGroup;
			children = (
				278739F71940E98100973989 /* BrinDemoSilverSplitViewController.h */,
				278739F81940E98100973989 /* BrinDemoSilverSplitViewController.m */,
				27873A091940EA3300973989 /* BrinDemoSilverMasterViewController.h */,
				27873A0A1940EA3300973989 /* BrinDemoSilverMasterViewController.m */,
				27873A121940ED4A00973989 /* BrinDemoSilverDetailViewController.h */,
				27873A131940ED4A00973989 /* BrinDemoSilverDetailViewController.m */,
				27873A171940F78800973989 /* UIImage+animatedGIF.h */,
				27873A181940F78800973989 /* UIImage+animatedGIF.m */,
			);
			name = Silver;
			sourceTree = "<group>";
		};
		278739EF1940E82E00973989 /* Login */ = {
			isa = PBXGroup;
			children = (
				27C79CB8192E8ACA003681BE /* BrinDemoLoginViewController.h */,
				27C79CB9192E8ACA003681BE /* BrinDemoLoginViewController.m */,
			);
			name = Login;
			sourceTree = "<group>";
		};
		278739F01940E91A00973989 /* Settings */ = {
			isa = PBXGroup;
			children = (
				27C79CEF192FF87B003681BE /* BrinDemoSettingsViewController.h */,
				27C79CF0192FF87B003681BE /* BrinDemoSettingsViewController.m */,
			);
			name = Settings;
			sourceTree = "<group>";
		};
		27C79C60192E73CE003681BE = {
			isa = PBXGroup;
			children = (
				27C79C72192E73CE003681BE /* BrintDemo */,
				27C79C94192E73CE003681BE /* BrintDemoTests */,
				27C79C6B192E73CE003681BE /* Frameworks */,
				27C79C6A192E73CE003681BE /* Products */,
			);
			sourceTree = "<group>";
		};
		27C79C6A192E73CE003681BE /* Products */ = {
			isa = PBXGroup;
			children = (
				27C79C69192E73CE003681BE /* BrintDemo.app */,
				27C79C8D192E73CE003681BE /* BrintDemoTests.xctest */,
			);
			name = Products;
			sourceTree = "<group>";
		};
		27C79C6B192E73CE003681BE /* Frameworks */ = {
			isa = PBXGroup;
			children = (
				27C79C6C192E73CE003681BE /* Foundation.framework */,
				27C79C6E192E73CE003681BE /* CoreGraphics.framework */,
				27C79C70192E73CE003681BE /* UIKit.framework */,
				27C79C8E192E73CE003681BE /* XCTest.framework */,
			);
			name = Frameworks;
			sourceTree = "<group>";
		};
		27C79C72192E73CE003681BE /* BrintDemo */ = {
			isa = PBXGroup;
			children = (
				EDE56B96194784A400D68A33 /* Thrid Party Code */,
				278739E21940E75900973989 /* AppDelegate */,
				278739E31940E76A00973989 /* StoryBoards */,
				278739E11940E73900973989 /* ViewControllers */,
				27C79C87192E73CE003681BE /* Images.xcassets */,
				27C79C73192E73CE003681BE /* Supporting Files */,
			);
			path = BrintDemo;
			sourceTree = "<group>";
		};
		27C79C73192E73CE003681BE /* Supporting Files */ = {
			isa = PBXGroup;
			children = (
				27C79CAB192E7AB9003681BE /* Resources */,
				27C79C74192E73CE003681BE /* BrintDemo-Info.plist */,
				27C79C75192E73CE003681BE /* InfoPlist.strings */,
				27C79C78192E73CE003681BE /* main.m */,
				27C79C7A192E73CE003681BE /* BrintDemo-Prefix.pch */,
			);
			name = "Supporting Files";
			sourceTree = "<group>";
		};
		27C79C94192E73CE003681BE /* BrintDemoTests */ = {
			isa = PBXGroup;
			children = (
				27C79C9A192E73CE003681BE /* BrintDemoTests.m */,
				27C79C95192E73CE003681BE /* Supporting Files */,
			);
			path = BrintDemoTests;
			sourceTree = "<group>";
		};
		27C79C95192E73CE003681BE /* Supporting Files */ = {
			isa = PBXGroup;
			children = (
				27C79C96192E73CE003681BE /* BrintDemoTests-Info.plist */,
				27C79C97192E73CE003681BE /* InfoPlist.strings */,
			);
			name = "Supporting Files";
			sourceTree = "<group>";
		};
		27C79CAB192E7AB9003681BE /* Resources */ = {
			isa = PBXGroup;
			children = (
				27CC4DD0194261DD00DC2034 /* RingBg.png */,
				27CC4DD1194261DD00DC2034 /* RingBg@2x.png */,
				27CC4DC4194259B700DC2034 /* HomeBg.png */,
				27CC4DC5194259B700DC2034 /* HomeBg@2x.png */,
				27CC4DC819425A6C00DC2034 /* LaunchBg.png */,
				27CC4DC919425A6C00DC2034 /* LaunchBg@2x.png */,
				27CC4DCC194260DB00DC2034 /* Pattren@2x.png */,
				27CC4DCD194260DB00DC2034 /* Pattren.png */,
				27C1A923194B72FC0047B1A8 /* LoginRingBg.png */,
				27C1A924194B72FC0047B1A8 /* LoginRingBg@2x.png */,
				27C96A83195B698100B08F4F /* goldTab.png */,
				27C96A85195B698A00B08F4F /* goldTab@2x.png */,
				27C79CC1192FDF4C003681BE /* Jewlelleries */,
				27C79CAC192E7AB9003681BE /* Bg.png */,
				27C79CAD192E7AB9003681BE /* Bg@2x.png */,
				27C79CB0192E820F003681BE /* ClickHere.png */,
				27C79CB1192E820F003681BE /* ClickHere@2x.png */,
				27C79CB4192E8710003681BE /* gold-btn@2x.png */,
				27C79CB5192E8710003681BE /* gold-btn.png */,
			);
			path = Resources;
			sourceTree = "<group>";
		};
		27C79CC1192FDF4C003681BE /* Jewlelleries */ = {
			isa = PBXGroup;
			children = (
				27CC4DC01942527F00DC2034 /* g37.jpeg */,
				27CC4DC11942527F00DC2034 /* g37@2x.png */,
				27873A1A19410BA500973989 /* g20.png */,
				27873A1B19410BA500973989 /* g20@2x.png */,
				2782592C193F9686000F944A /* model2.png */,
				2782592D193F9686000F944A /* model2@2x.png */,
				27825928193F9463000F944A /* mod.png */,
				27825929193F9463000F944A /* mod@2x.png */,
				27C79CC2192FDF4C003681BE /* j1.png */,
				27C79CC3192FDF4C003681BE /* j1@2x.png */,
				27C79CC4192FDF4C003681BE /* j2.png */,
				27C79CC5192FDF4C003681BE /* j2@2x.png */,
				27C79CC6192FDF4C003681BE /* j3.png */,
				27C79CC7192FDF4C003681BE /* j3@2x.png */,
				27C79CC8192FDF4C003681BE /* j4.png */,
				27C79CC9192FDF4C003681BE /* j4@2x.png */,
				27C79CCA192FDF4C003681BE /* j5.png */,
				27C79CCB192FDF4C003681BE /* j5@2x.png */,
				27C79CCC192FDF4C003681BE /* j6.png */,
				27C79CCD192FDF4C003681BE /* j6@2x.png */,
				27C79CCE192FDF4C003681BE /* j7.png */,
				27C79CCF192FDF4C003681BE /* j7@2x.png */,
				27C79CD0192FDF4C003681BE /* j8.png */,
				27C79CD1192FDF4C003681BE /* j8@2x.png */,
				27C79CD2192FDF4C003681BE /* j9.png */,
				27C79CD3192FDF4C003681BE /* j9@2x.png */,
				27CC4DBC1942512000DC2034 /* buttonFollow.png */,
				27CC4DBD1942512000DC2034 /* buttonFollow@2x.png */,
			);
			path = Jewlelleries;
			sourceTree = "<group>";
		};
		ED335463194A2589004BDEC6 /* Gold */ = {
			isa = PBXGroup;
			children = (
				ED335464194A259D004BDEC6 /* Gold.storyboard */,
			);
			name = Gold;
			sourceTree = "<group>";
		};
		ED335466194A26B6004BDEC6 /* Silver */ = {
			isa = PBXGroup;
			children = (
				ED33546F194A2AEE004BDEC6 /* Silver.storyboard */,
			);
			name = Silver;
			sourceTree = "<group>";
		};
		ED335467194A26D4004BDEC6 /* Diamond */ = {
			isa = PBXGroup;
			children = (
				ED33546C194A27E5004BDEC6 /* Diamond.storyboard */,
			);
			name = Diamond;
			sourceTree = "<group>";
		};
		ED33546E194A2923004BDEC6 /* Gold VC */ = {
			isa = PBXGroup;
			children = (
			);
			name = "Gold VC";
			sourceTree = "<group>";
		};
		ED335471194A2B72004BDEC6 /* Platinum */ = {
			isa = PBXGroup;
			children = (
				ED335473194A2B91004BDEC6 /* Platinum.storyboard */,
			);
			name = Platinum;
			sourceTree = "<group>";
		};
		ED335472194A2B7C004BDEC6 /* Settings */ = {
			isa = PBXGroup;
			children = (
				ED335475194A2BFC004BDEC6 /* Settings.storyboard */,
			);
			name = Settings;
			sourceTree = "<group>";
		};
		ED335479194A2F5B004BDEC6 /* HomeTabbar */ = {
			isa = PBXGroup;
			children = (
				ED335477194A2F26004BDEC6 /* HomeTabbar.storyboard */,
			);
			name = HomeTabbar;
			sourceTree = "<group>";
		};
		ED33547D194A2FA9004BDEC6 /* Tabbar */ = {
			isa = PBXGroup;
			children = (
				ED33547A194A2FA4004BDEC6 /* BrinDemoTabbarController.h */,
				ED33547B194A2FA4004BDEC6 /* BrinDemoTabbarController.m */,
			);
			name = Tabbar;
			sourceTree = "<group>";
		};
		EDE56B8B19477ED900D68A33 /* Home-StoryBoard */ = {
			isa = PBXGroup;
			children = (
				EDE56B8C19477EFC00D68A33 /* Home.storyboard */,
			);
			name = "Home-StoryBoard";
			sourceTree = "<group>";
		};
		EDE56B96194784A400D68A33 /* Thrid Party Code */ = {
			isa = PBXGroup;
			children = (
				EDE56B97194784B200D68A33 /* SVSegmentControl */,
			);
			name = "Thrid Party Code";
			sourceTree = "<group>";
		};
		EDE56B97194784B200D68A33 /* SVSegmentControl */ = {
			isa = PBXGroup;
			children = (
				EDE56B98194784CF00D68A33 /* SVSegmentedControl.h */,
				EDE56B99194784CF00D68A33 /* SVSegmentedControl.m */,
				EDE56B9A194784CF00D68A33 /* SVSegmentedThumb.h */,
				EDE56B9B194784CF00D68A33 /* SVSegmentedThumb.m */,
			);
			name = SVSegmentControl;
			sourceTree = "<group>";
		};
		EDE56B9E194793A900D68A33 /* Home */ = {
			isa = PBXGroup;
			children = (
				EDE56B8819477ED100D68A33 /* BIHomeViewController.h */,
				EDE56B8919477ED100D68A33 /* BIHomeViewController.m */,
				EDE56B9F194793D900D68A33 /* BICollectionsViewController.h */,
				EDE56BA0194793D900D68A33 /* BICollectionsViewController.m */,
			);
			name = Home;
			sourceTree = "<group>";
		};
/* End PBXGroup section */

/* Begin PBXNativeTarget section */
		27C79C68192E73CE003681BE /* BrintDemo */ = {
			isa = PBXNativeTarget;
			buildConfigurationList = 27C79C9E192E73CE003681BE /* Build configuration list for PBXNativeTarget "BrintDemo" */;
			buildPhases = (
				27C79C65192E73CE003681BE /* Sources */,
				27C79C66192E73CE003681BE /* Frameworks */,
				27C79C67192E73CE003681BE /* Resources */,
			);
			buildRules = (
			);
			dependencies = (
			);
			name = BrintDemo;
			productName = BrintDemo;
			productReference = 27C79C69192E73CE003681BE /* BrintDemo.app */;
			productType = "com.apple.product-type.application";
		};
		27C79C8C192E73CE003681BE /* BrintDemoTests */ = {
			isa = PBXNativeTarget;
			buildConfigurationList = 27C79CA1192E73CE003681BE /* Build configuration list for PBXNativeTarget "BrintDemoTests" */;
			buildPhases = (
				27C79C89192E73CE003681BE /* Sources */,
				27C79C8A192E73CE003681BE /* Frameworks */,
				27C79C8B192E73CE003681BE /* Resources */,
			);
			buildRules = (
			);
			dependencies = (
				27C79C93192E73CE003681BE /* PBXTargetDependency */,
			);
			name = BrintDemoTests;
			productName = BrintDemoTests;
			productReference = 27C79C8D192E73CE003681BE /* BrintDemoTests.xctest */;
			productType = "com.apple.product-type.bundle.unit-test";
		};
/* End PBXNativeTarget section */

/* Begin PBXProject section */
		27C79C61192E73CE003681BE /* Project object */ = {
			isa = PBXProject;
			attributes = {
				CLASSPREFIX = BrinDemo;
				LastUpgradeCheck = 0500;
				ORGANIZATIONNAME = Pradeep;
				TargetAttributes = {
					27C79C8C192E73CE003681BE = {
						TestTargetID = 27C79C68192E73CE003681BE;
					};
				};
			};
			buildConfigurationList = 27C79C64192E73CE003681BE /* Build configuration list for PBXProject "BrintDemo" */;
			compatibilityVersion = "Xcode 3.2";
			developmentRegion = English;
			hasScannedForEncodings = 0;
			knownRegions = (
				en,
				Base,
			);
			mainGroup = 27C79C60192E73CE003681BE;
			productRefGroup = 27C79C6A192E73CE003681BE /* Products */;
			projectDirPath = "";
			projectRoot = "";
			targets = (
				27C79C68192E73CE003681BE /* BrintDemo */,
				27C79C8C192E73CE003681BE /* BrintDemoTests */,
			);
		};
/* End PBXProject section */

/* Begin PBXResourcesBuildPhase section */
		27C79C67192E73CE003681BE /* Resources */ = {
			isa = PBXResourcesBuildPhase;
			buildActionMask = 2147483647;
			files = (
				27873A1D19410BA500973989 /* g20@2x.png in Resources */,
				27C79CD6192FDF4C003681BE /* j2.png in Resources */,
				27C79CAE192E7AB9003681BE /* Bg.png in Resources */,
				27C79CDB192FDF4C003681BE /* j4@2x.png in Resources */,
				27C79CAF192E7AB9003681BE /* Bg@2x.png in Resources */,
				27CC4DBF1942512000DC2034 /* buttonFollow@2x.png in Resources */,
				27C79CB6192E8710003681BE /* gold-btn@2x.png in Resources */,
				27CC4DC6194259B700DC2034 /* HomeBg.png in Resources */,
				27CC4DBE1942512000DC2034 /* buttonFollow.png in Resources */,
				27C79CE2192FDF4C003681BE /* j8.png in Resources */,
				27C79CDD192FDF4C003681BE /* j5@2x.png in Resources */,
				27C96A84195B698100B08F4F /* goldTab.png in Resources */,
				ED335476194A2BFC004BDEC6 /* Settings.storyboard in Resources */,
				27CC4DC31942527F00DC2034 /* g37@2x.png in Resources */,
				2782592B193F9463000F944A /* mod@2x.png in Resources */,
				27C79C83192E73CE003681BE /* Main_iPad.storyboard in Resources */,
				2782592E193F9686000F944A /* model2.png in Resources */,
				27C79CDC192FDF4C003681BE /* j5.png in Resources */,
				27C79CB7192E8710003681BE /* gold-btn.png in Resources */,
				27C1A926194B72FC0047B1A8 /* LoginRingBg@2x.png in Resources */,
				27C79CD5192FDF4C003681BE /* j1@2x.png in Resources */,
				2782592F193F9686000F944A /* model2@2x.png in Resources */,
				ED335470194A2AEE004BDEC6 /* Silver.storyboard in Resources */,
				27C79CDE192FDF4C003681BE /* j6.png in Resources */,
				27C79CE1192FDF4C003681BE /* j7@2x.png in Resources */,
				27C79C88192E73CE003681BE /* Images.xcassets in Resources */,
				27C79CB2192E820F003681BE /* ClickHere.png in Resources */,
				ED335474194A2B91004BDEC6 /* Platinum.storyboard in Resources */,
				27C79CE0192FDF4C003681BE /* j7.png in Resources */,
				27C79CE4192FDF4C003681BE /* j9.png in Resources */,
				27CC4DC21942527F00DC2034 /* g37.jpeg in Resources */,
				27C79CE5192FDF4C003681BE /* j9@2x.png in Resources */,
				27C1A925194B72FC0047B1A8 /* LoginRingBg.png in Resources */,
				27C79C80192E73CE003681BE /* Main_iPhone.storyboard in Resources */,
				ED335465194A259D004BDEC6 /* Gold.storyboard in Resources */,
				27C79CDA192FDF4C003681BE /* j4.png in Resources */,
				27CC4DCE194260DB00DC2034 /* Pattren@2x.png in Resources */,
				27C79CD8192FDF4C003681BE /* j3.png in Resources */,
				27C79C77192E73CE003681BE /* InfoPlist.strings in Resources */,
				27C79CD4192FDF4C003681BE /* j1.png in Resources */,
				27C79CDF192FDF4C003681BE /* j6@2x.png in Resources */,
				27CC4DC7194259B700DC2034 /* HomeBg@2x.png in Resources */,
				27C79CE3192FDF4C003681BE /* j8@2x.png in Resources */,
				27C79CD7192FDF4C003681BE /* j2@2x.png in Resources */,
				27CC4DD2194261DD00DC2034 /* RingBg.png in Resources */,
				27CC4DCF194260DB00DC2034 /* Pattren.png in Resources */,
				27CC4DD3194261DD00DC2034 /* RingBg@2x.png in Resources */,
				27873A1C19410BA500973989 /* g20.png in Resources */,
				ED33546D194A27E5004BDEC6 /* Diamond.storyboard in Resources */,
				27C79CB3192E820F003681BE /* ClickHere@2x.png in Resources */,
				27C96A86195B698A00B08F4F /* goldTab@2x.png in Resources */,
				ED335478194A2F26004BDEC6 /* HomeTabbar.storyboard in Resources */,
				27C79CD9192FDF4C003681BE /* j3@2x.png in Resources */,
				2782592A193F9463000F944A /* mod.png in Resources */,
				27CC4DCB19425A6C00DC2034 /* LaunchBg@2x.png in Resources */,
				27CC4DCA19425A6C00DC2034 /* LaunchBg.png in Resources */,
				EDE56B8D19477EFC00D68A33 /* Home.storyboard in Resources */,
			);
			runOnlyForDeploymentPostprocessing = 0;
		};
		27C79C8B192E73CE003681BE /* Resources */ = {
			isa = PBXResourcesBuildPhase;
			buildActionMask = 2147483647;
			files = (
				27C79C99192E73CE003681BE /* InfoPlist.strings in Resources */,
			);
			runOnlyForDeploymentPostprocessing = 0;
		};
/* End PBXResourcesBuildPhase section */

/* Begin PBXSourcesBuildPhase section */
		27C79C65192E73CE003681BE /* Sources */ = {
			isa = PBXSourcesBuildPhase;
			buildActionMask = 2147483647;
			files = (
				278739F91940E98100973989 /* BrinDemoSilverSplitViewController.m in Sources */,
				EDE56BA1194793D900D68A33 /* BICollectionsViewController.m in Sources */,
				EDE56B9D194784CF00D68A33 /* SVSegmentedThumb.m in Sources */,
				27C79CBA192E8ACA003681BE /* BrinDemoLoginViewController.m in Sources */,
				27873A051940E9F100973989 /* BrinDemoDiamondMasterViewController.m in Sources */,
				278739E61940E7AB00973989 /* BrinDemoHomeViewController.m in Sources */,
				27C79C86192E73CE003681BE /* BrinDemoViewController.m in Sources */,
				278739E91940E7D100973989 /* BrinDemoGoldSplitViewController.m in Sources */,
				27873A081940EA1100973989 /* BrinDemoPlatinumMasterViewController.m in Sources */,
				27CC4DBB194249CD00DC2034 /* BrinDemoMasterCell.m in Sources */,
				27873A111940ED3300973989 /* BrinDemoPlatinumDetailViewController.m in Sources */,
				27873A021940E9DC00973989 /* BrinDemoGoldDetailViewController.m in Sources */,
				27873A0B1940EA3300973989 /* BrinDemoSilverMasterViewController.m in Sources */,
				27C79C7D192E73CE003681BE /* BrinDemoAppDelegate.m in Sources */,
				EDE56B8A19477ED100D68A33 /* BIHomeViewController.m in Sources */,
				ED33547C194A2FA4004BDEC6 /* BrinDemoTabbarController.m in Sources */,
				EDE56B9C194784CF00D68A33 /* SVSegmentedControl.m in Sources */,
				27C79CF1192FF87B003681BE /* BrinDemoSettingsViewController.m in Sources */,
				278739FF1940E9CE00973989 /* BrinDemoGoldMasterViewController.m in Sources */,
				278739F61940E96D00973989 /* BrinDemoPlatinumSplitViewController.m in Sources */,
				27873A141940ED4A00973989 /* BrinDemoSilverDetailViewController.m in Sources */,
				27873A191940F78800973989 /* UIImage+animatedGIF.m in Sources */,
				278739F31940E95D00973989 /* BrinDemoDiamondSplitViewController.m in Sources */,
				27873A0E1940ED0E00973989 /* BrinDemoDiamondDetailViewController.m in Sources */,
				27C79C79192E73CE003681BE /* main.m in Sources */,
			);
			runOnlyForDeploymentPostprocessing = 0;
		};
		27C79C89192E73CE003681BE /* Sources */ = {
			isa = PBXSourcesBuildPhase;
			buildActionMask = 2147483647;
			files = (
				27C79C9B192E73CE003681BE /* BrintDemoTests.m in Sources */,
			);
			runOnlyForDeploymentPostprocessing = 0;
		};
/* End PBXSourcesBuildPhase section */

/* Begin PBXTargetDependency section */
		27C79C93192E73CE003681BE /* PBXTargetDependency */ = {
			isa = PBXTargetDependency;
			target = 27C79C68192E73CE003681BE /* BrintDemo */;
			targetProxy = 27C79C92192E73CE003681BE /* PBXContainerItemProxy */;
		};
/* End PBXTargetDependency section */

/* Begin PBXVariantGroup section */
		27C79C75192E73CE003681BE /* InfoPlist.strings */ = {
			isa = PBXVariantGroup;
			children = (
				27C79C76192E73CE003681BE /* en */,
			);
			name = InfoPlist.strings;
			sourceTree = "<group>";
		};
		27C79C7E192E73CE003681BE /* Main_iPhone.storyboard */ = {
			isa = PBXVariantGroup;
			children = (
				27C79C7F192E73CE003681BE /* Base */,
			);
			name = Main_iPhone.storyboard;
			sourceTree = "<group>";
		};
		27C79C81192E73CE003681BE /* Main_iPad.storyboard */ = {
			isa = PBXVariantGroup;
			children = (
				27C79C82192E73CE003681BE /* Base */,
			);
			name = Main_iPad.storyboard;
			sourceTree = "<group>";
		};
		27C79C97192E73CE003681BE /* InfoPlist.strings */ = {
			isa = PBXVariantGroup;
			children = (
				27C79C98192E73CE003681BE /* en */,
			);
			name = InfoPlist.strings;
			sourceTree = "<group>";
		};
/* End PBXVariantGroup section */

/* Begin XCBuildConfiguration section */
		27C79C9C192E73CE003681BE /* Debug */ = {
			isa = XCBuildConfiguration;
			buildSettings = {
				ALWAYS_SEARCH_USER_PATHS = NO;
				ARCHS = "$(ARCHS_STANDARD_INCLUDING_64_BIT)";
				CLANG_CXX_LANGUAGE_STANDARD = "gnu++0x";
				CLANG_CXX_LIBRARY = "libc++";
				CLANG_ENABLE_MODULES = YES;
				CLANG_ENABLE_OBJC_ARC = YES;
				CLANG_WARN_BOOL_CONVERSION = YES;
				CLANG_WARN_CONSTANT_CONVERSION = YES;
				CLANG_WARN_DIRECT_OBJC_ISA_USAGE = YES_ERROR;
				CLANG_WARN_EMPTY_BODY = YES;
				CLANG_WARN_ENUM_CONVERSION = YES;
				CLANG_WARN_INT_CONVERSION = YES;
				CLANG_WARN_OBJC_ROOT_CLASS = YES_ERROR;
				CLANG_WARN__DUPLICATE_METHOD_MATCH = YES;
				"CODE_SIGN_IDENTITY[sdk=iphoneos*]" = "iPhone Developer";
				COPY_PHASE_STRIP = NO;
				GCC_C_LANGUAGE_STANDARD = gnu99;
				GCC_DYNAMIC_NO_PIC = NO;
				GCC_OPTIMIZATION_LEVEL = 0;
				GCC_PREPROCESSOR_DEFINITIONS = (
					"DEBUG=1",
					"$(inherited)",
				);
				GCC_SYMBOLS_PRIVATE_EXTERN = NO;
				GCC_WARN_64_TO_32_BIT_CONVERSION = YES;
				GCC_WARN_ABOUT_RETURN_TYPE = YES_ERROR;
				GCC_WARN_UNDECLARED_SELECTOR = YES;
				GCC_WARN_UNINITIALIZED_AUTOS = YES;
				GCC_WARN_UNUSED_FUNCTION = YES;
				GCC_WARN_UNUSED_VARIABLE = YES;
				IPHONEOS_DEPLOYMENT_TARGET = 7.0;
				ONLY_ACTIVE_ARCH = YES;
				SDKROOT = iphoneos;
				TARGETED_DEVICE_FAMILY = "1,2";
			};
			name = Debug;
		};
		27C79C9D192E73CE003681BE /* Release */ = {
			isa = XCBuildConfiguration;
			buildSettings = {
				ALWAYS_SEARCH_USER_PATHS = NO;
				ARCHS = "$(ARCHS_STANDARD_INCLUDING_64_BIT)";
				CLANG_CXX_LANGUAGE_STANDARD = "gnu++0x";
				CLANG_CXX_LIBRARY = "libc++";
				CLANG_ENABLE_MODULES = YES;
				CLANG_ENABLE_OBJC_ARC = YES;
				CLANG_WARN_BOOL_CONVERSION = YES;
				CLANG_WARN_CONSTANT_CONVERSION = YES;
				CLANG_WARN_DIRECT_OBJC_ISA_USAGE = YES_ERROR;
				CLANG_WARN_EMPTY_BODY = YES;
				CLANG_WARN_ENUM_CONVERSION = YES;
				CLANG_WARN_INT_CONVERSION = YES;
				CLANG_WARN_OBJC_ROOT_CLASS = YES_ERROR;
				CLANG_WARN__DUPLICATE_METHOD_MATCH = YES;
				"CODE_SIGN_IDENTITY[sdk=iphoneos*]" = "iPhone Developer";
				COPY_PHASE_STRIP = YES;
				ENABLE_NS_ASSERTIONS = NO;
				GCC_C_LANGUAGE_STANDARD = gnu99;
				GCC_WARN_64_TO_32_BIT_CONVERSION = YES;
				GCC_WARN_ABOUT_RETURN_TYPE = YES_ERROR;
				GCC_WARN_UNDECLARED_SELECTOR = YES;
				GCC_WARN_UNINITIALIZED_AUTOS = YES;
				GCC_WARN_UNUSED_FUNCTION = YES;
				GCC_WARN_UNUSED_VARIABLE = YES;
				IPHONEOS_DEPLOYMENT_TARGET = 7.0;
				SDKROOT = iphoneos;
				TARGETED_DEVICE_FAMILY = "1,2";
				VALIDATE_PRODUCT = YES;
			};
			name = Release;
		};
		27C79C9F192E73CE003681BE /* Debug */ = {
			isa = XCBuildConfiguration;
			buildSettings = {
				ASSETCATALOG_COMPILER_APPICON_NAME = AppIcon;
				ASSETCATALOG_COMPILER_LAUNCHIMAGE_NAME = LaunchImage;
				GCC_PRECOMPILE_PREFIX_HEADER = YES;
				GCC_PREFIX_HEADER = "BrintDemo/BrintDemo-Prefix.pch";
				INFOPLIST_FILE = "BrintDemo/BrintDemo-Info.plist";
				IPHONEOS_DEPLOYMENT_TARGET = 7.0;
				PRODUCT_NAME = "$(TARGET_NAME)";
				TARGETED_DEVICE_FAMILY = "1,2";
				WRAPPER_EXTENSION = app;
			};
			name = Debug;
		};
		27C79CA0192E73CE003681BE /* Release */ = {
			isa = XCBuildConfiguration;
			buildSettings = {
				ASSETCATALOG_COMPILER_APPICON_NAME = AppIcon;
				ASSETCATALOG_COMPILER_LAUNCHIMAGE_NAME = LaunchImage;
				GCC_PRECOMPILE_PREFIX_HEADER = YES;
				GCC_PREFIX_HEADER = "BrintDemo/BrintDemo-Prefix.pch";
				INFOPLIST_FILE = "BrintDemo/BrintDemo-Info.plist";
				IPHONEOS_DEPLOYMENT_TARGET = 7.0;
				PRODUCT_NAME = "$(TARGET_NAME)";
				TARGETED_DEVICE_FAMILY = "1,2";
				WRAPPER_EXTENSION = app;
			};
			name = Release;
		};
		27C79CA2192E73CE003681BE /* Debug */ = {
			isa = XCBuildConfiguration;
			buildSettings = {
				ARCHS = "$(ARCHS_STANDARD_INCLUDING_64_BIT)";
				BUNDLE_LOADER = "$(BUILT_PRODUCTS_DIR)/BrintDemo.app/BrintDemo";
				FRAMEWORK_SEARCH_PATHS = (
					"$(SDKROOT)/Developer/Library/Frameworks",
					"$(inherited)",
					"$(DEVELOPER_FRAMEWORKS_DIR)",
				);
				GCC_PRECOMPILE_PREFIX_HEADER = YES;
				GCC_PREFIX_HEADER = "BrintDemo/BrintDemo-Prefix.pch";
				GCC_PREPROCESSOR_DEFINITIONS = (
					"DEBUG=1",
					"$(inherited)",
				);
				INFOPLIST_FILE = "BrintDemoTests/BrintDemoTests-Info.plist";
				PRODUCT_NAME = "$(TARGET_NAME)";
				TEST_HOST = "$(BUNDLE_LOADER)";
				WRAPPER_EXTENSION = xctest;
			};
			name = Debug;
		};
		27C79CA3192E73CE003681BE /* Release */ = {
			isa = XCBuildConfiguration;
			buildSettings = {
				ARCHS = "$(ARCHS_STANDARD_INCLUDING_64_BIT)";
				BUNDLE_LOADER = "$(BUILT_PRODUCTS_DIR)/BrintDemo.app/BrintDemo";
				FRAMEWORK_SEARCH_PATHS = (
					"$(SDKROOT)/Developer/Library/Frameworks",
					"$(inherited)",
					"$(DEVELOPER_FRAMEWORKS_DIR)",
				);
				GCC_PRECOMPILE_PREFIX_HEADER = YES;
				GCC_PREFIX_HEADER = "BrintDemo/BrintDemo-Prefix.pch";
				INFOPLIST_FILE = "BrintDemoTests/BrintDemoTests-Info.plist";
				PRODUCT_NAME = "$(TARGET_NAME)";
				TEST_HOST = "$(BUNDLE_LOADER)";
				WRAPPER_EXTENSION = xctest;
			};
			name = Release;
		};
/* End XCBuildConfiguration section */

/* Begin XCConfigurationList section */
		27C79C64192E73CE003681BE /* Build configuration list for PBXProject "BrintDemo" */ = {
			isa = XCConfigurationList;
			buildConfigurations = (
				27C79C9C192E73CE003681BE /* Debug */,
				27C79C9D192E73CE003681BE /* Release */,
			);
			defaultConfigurationIsVisible = 0;
			defaultConfigurationName = Release;
		};
		27C79C9E192E73CE003681BE /* Build configuration list for PBXNativeTarget "BrintDemo" */ = {
			isa = XCConfigurationList;
			buildConfigurations = (
				27C79C9F192E73CE003681BE /* Debug */,
				27C79CA0192E73CE003681BE /* Release */,
			);
			defaultConfigurationIsVisible = 0;
			defaultConfigurationName = Release;
		};
		27C79CA1192E73CE003681BE /* Build configuration list for PBXNativeTarget "BrintDemoTests" */ = {
			isa = XCConfigurationList;
			buildConfigurations = (
				27C79CA2192E73CE003681BE /* Debug */,
				27C79CA3192E73CE003681BE /* Release */,
			);
			defaultConfigurationIsVisible = 0;
			defaultConfigurationName = Release;
		};
/* End XCConfigurationList section */
	};
	rootObject = 27C79C61192E73CE003681BE /* Project object */;
}
